
Microsoft Visual Studio Solution File, Format Version 12.00
# Visual Studio Version 16
VisualStudioVersion = 16.0.32510.428
MinimumVisualStudioVersion = 10.0.40219.1
Project("{FAE04EC0-301F-11D3-BF4B-00C04F79EFBC}") = "DarkModeUI.Android", "DarkModeUI.Android\DarkModeUI.Android.csproj", "{19B56753-7CB0-4AAD-AAC2-64B7EB10ED90}"
EndProject
Project("{FAE04EC0-301F-11D3-BF4B-00C04F79EFBC}") = "DarkModeUI.iOS", "DarkModeUI.iOS\DarkModeUI.iOS.csproj", "{6588EED8-FEFD-45FC-ABDE-6134E729923B}"
EndProject
Project("{FAE04EC0-301F-11D3-BF4B-00C04F79EFBC}") = "DarkModeUI", "DarkModeUI\DarkModeUI.csproj", "{DC4F2EC3-BF2A-4E60-A1CA-C89B88DEA712}"
EndProject
Global
	GlobalSection(SolutionConfigurationPlatforms) = preSolution
		Debug|Any CPU = Debug|Any CPU
		Debug|iPhone = Debug|iPhone
		Debug|iPhoneSimulator = Debug|iPhoneSimulator
		Release|Any CPU = Release|Any CPU
		Release|iPhone = Release|iPhone
		Release|iPhoneSimulator = Release|iPhoneSimulator
	EndGlobalSection
	GlobalSection(ProjectConfigurationPlatforms) = postSolution
		{19B56753-7CB0-4AAD-AAC2-64B7EB10ED90}.Debug|Any CPU.ActiveCfg = Debug|Any CPU
		{19B56753-7CB0-4AAD-AAC2-64B7EB10ED90}.Debug|Any CPU.Build.0 = Debug|Any CPU
		{19B56753-7CB0-4AAD-AAC2-64B7EB10ED90}.Debug|Any CPU.Deploy.0 = Debug|Any CPU
		{19B56753-7CB0-4AAD-AAC2-64B7EB10ED90}.Debug|iPhone.ActiveCfg = Debug|Any CPU
		{19B56753-7CB0-4AAD-AAC2-64B7EB10ED90}.Debug|iPhone.Build.0 = Debug|Any CPU
		{19B56753-7CB0-4AAD-AAC2-64B7EB10ED90}.Debug|iPhone.Deploy.0 = Debug|Any CPU
		{19B56753-7CB0-4AAD-AAC2-64B7EB10ED90}.Debug|iPhoneSimulator.ActiveCfg = Debug|Any CPU
		{19B56753-7CB0-4AAD-AAC2-64B7EB10ED90}.Debug|iPhoneSimulator.Build.0 = Debug|Any CPU
		{19B56753-7CB0-4AAD-AAC2-64B7EB10ED90}.Debug|iPhoneSimulator.Deploy.0 = Debug|Any CPU
		{19B56753-7CB0-4AAD-AAC2-64B7EB10ED90}.Release|Any CPU.ActiveCfg = Release|Any CPU
		{19B56753-7CB0-4AAD-AAC2-64B7EB10ED90}.Release|Any CPU.Build.0 = Release|Any CPU
		{19B56753-7CB0-4AAD-AAC2-64B7EB10ED90}.Release|Any CPU.Deploy.0 = Release|Any CPU
		{19B56753-7CB0-4AAD-AAC2-64B7EB10ED90}.Release|iPhone.ActiveCfg = Release|Any CPU
		{19B56753-7CB0-4AAD-AAC2-64B7EB10ED90}.Release|iPhone.Build.0 = Release|Any CPU
		{19B56753-7CB0-4AAD-AAC2-64B7EB10ED90}.Release|iPhone.Deploy.0 = Release|Any CPU
		{19B56753-7CB0-4AAD-AAC2-64B7EB10ED90}.Release|iPhoneSimulator.ActiveCfg = Release|Any CPU
		{19B56753-7CB0-4AAD-AAC2-64B7EB10ED90}.Release|iPhoneSimulator.Build.0 = Release|Any CPU
		{19B56753-7CB0-4AAD-AAC2-64B7EB10ED90}.Release|iPhoneSimulator.Deploy.0 = Release|Any CPU
		{6588EED8-FEFD-45FC-ABDE-6134E729923B}.Debug|Any CPU.ActiveCfg = Debug|iPhone
		{6588EED8-FEFD-45FC-ABDE-6134E729923B}.Debug|Any CPU.Build.0 = Debug|iPhone
		{6588EED8-FEFD-45FC-ABDE-6134E729923B}.Debug|Any CPU.Deploy.0 = Debug|iPhone
		{6588EED8-FEFD-45FC-ABDE-6134E729923B}.Debug|iPhone.ActiveCfg = Debug|iPhone
		{6588EED8-FEFD-45FC-ABDE-6134E729923B}.Debug|iPhone.Build.0 = Debug|iPhone
		{6588EED8-FEFD-45FC-ABDE-6134E729923B}.Debug|iPhone.Deploy.0 = Debug|iPhone
		{6588EED8-FEFD-45FC-ABDE-6134E729923B}.Debug|iPhoneSimulator.ActiveCfg = Debug|iPhoneSimulator
		{6588EED8-FEFD-45FC-ABDE-6134E729923B}.Debug|iPhoneSimulator.Build.0 = Debug|iPhoneSimulator
		{6588EED8-FEFD-45FC-ABDE-6134E729923B}.Debug|iPhoneSimulator.Deploy.0 = Debug|iPhoneSimulator
		{6588EED8-FEFD-45FC-ABDE-6134E729923B}.Release|Any CPU.ActiveCfg = Release|iPhoneSimulator
		{6588EED8-FEFD-45FC-ABDE-6134E729923B}.Release|Any CPU.Build.0 = Release|iPhoneSimulator
		{6588EED8-FEFD-45FC-ABDE-6134E729923B}.Release|Any CPU.Deploy.0 = Release|iPhoneSimulator
		{6588EED8-FEFD-45FC-ABDE-6134E729923B}.Release|iPhone.ActiveCfg = Release|iPhone
		{6588EED8-FEFD-45FC-ABDE-6134E729923B}.Release|iPhone.Build.0 = Release|iPhone
		{6588EED8-FEFD-45FC-ABDE-6134E729923B}.Release|iPhone.Deploy.0 = Release|iPhone
		{6588EED8-FEFD-45FC-ABDE-6134E729923B}.Release|iPhoneSimulator.ActiveCfg = Release|iPhoneSimulator
		{6588EED8-FEFD-45FC-ABDE-6134E729923B}.Release|iPhoneSimulator.Build.0 = Release|iPhoneSimulator
		{6588EED8-FEFD-45FC-ABDE-6134E729923B}.Release|iPhoneSimulator.Deploy.0 = Release|iPhoneSimulator
		{DC4F2EC3-BF2A-4E60-A1CA-C89B88DEA712}.Debug|Any CPU.ActiveCfg = Debug|Any CPU
		{DC4F2EC3-BF2A-4E60-A1CA-C89B88DEA712}.Debug|Any CPU.Build.0 = Debug|Any CPU
		{DC4F2EC3-BF2A-4E60-A1CA-C89B88DEA712}.Debug|Any CPU.Deploy.0 = Debug|Any CPU
		{DC4F2EC3-BF2A-4E60-A1CA-C89B88DEA712}.Debug|iPhone.ActiveCfg = Debug|Any CPU
		{DC4F2EC3-BF2A-4E60-A1CA-C89B88DEA712}.Debug|iPhone.Build.0 = Debug|Any CPU
		{DC4F2EC3-BF2A-4E60-A1CA-C89B88DEA712}.Debug|iPhone.Deploy.0 = Debug|Any CPU
		{DC4F2EC3-BF2A-4E60-A1CA-C89B88DEA712}.Debug|iPhoneSimulator.ActiveCfg = Debug|Any CPU
		{DC4F2EC3-BF2A-4E60-A1CA-C89B88DEA712}.Debug|iPhoneSimulator.Build.0 = Debug|Any CPU
		{DC4F2EC3-BF2A-4E60-A1CA-C89B88DEA712}.Debug|iPhoneSimulator.Deploy.0 = Debug|Any CPU
		{DC4F2EC3-BF2A-4E60-A1CA-C89B88DEA712}.Release|Any CPU.ActiveCfg = Release|Any CPU
		{DC4F2EC3-BF2A-4E60-A1CA-C89B88DEA712}.Release|Any CPU.Build.0 = Release|Any CPU
		{DC4F2EC3-BF2A-4E60-A1CA-C89B88DEA712}.Release|Any CPU.Deploy.0 = Release|Any CPU
		{DC4F2EC3-BF2A-4E60-A1CA-C89B88DEA712}.Release|iPhone.ActiveCfg = Release|Any CPU
		{DC4F2EC3-BF2A-4E60-A1CA-C89B88DEA712}.Release|iPhone.Build.0 = Release|Any CPU
		{DC4F2EC3-BF2A-4E60-A1CA-C89B88DEA712}.Release|iPhone.Deploy.0 = Release|Any CPU
		{DC4F2EC3-BF2A-4E60-A1CA-C89B88DEA712}.Release|iPhoneSimulator.ActiveCfg = Release|Any CPU
		{DC4F2EC3-BF2A-4E60-A1CA-C89B88DEA712}.Release|iPhoneSimulator.Build.0 = Release|Any CPU
		{DC4F2EC3-BF2A-4E60-A1CA-C89B88DEA712}.Release|iPhoneSimulator.Deploy.0 = Release|Any CPU
	EndGlobalSection
	GlobalSection(SolutionProperties) = preSolution
		HideSolutionNode = FALSE
	EndGlobalSection
	GlobalSection(ExtensibilityGlobals) = postSolution
		SolutionGuid = {40DA044A-27FC-4F43-8043-C6B1092BD8A5}
	EndGlobalSection
EndGlobal
